
Microsoft Visual Studio Solution File, Format Version 12.00
# Visual Studio Version 17
VisualStudioVersion = 17.4.33403.182
MinimumVisualStudioVersion = 10.0.40219.1
Project("{FAE04EC0-301F-11D3-BF4B-00C04F79EFBC}") = "getest", "getest.csproj", "{54F7A5FC-43F5-445B-8E5A-484198B1C134}"
EndProject
Global
	GlobalSection(SolutionConfigurationPlatforms) = preSolution
		Debug|Any CPU = Debug|Any CPU
		Release|Any CPU = Release|Any CPU
	EndGlobalSection
	GlobalSection(ProjectConfigurationPlatforms) = postSolution
		{54F7A5FC-43F5-445B-8E5A-484198B1C134}.Debug|Any CPU.ActiveCfg = Debug|Any CPU
		{54F7A5FC-43F5-445B-8E5A-484198B1C134}.Debug|Any CPU.Build.0 = Debug|Any CPU
		{54F7A5FC-43F5-445B-8E5A-484198B1C134}.Release|Any CPU.ActiveCfg = Release|Any CPU
		{54F7A5FC-43F5-445B-8E5A-484198B1C134}.Release|Any CPU.Build.0 = Release|Any CPU
	EndGlobalSection
	GlobalSection(SolutionProperties) = preSolution
		HideSolutionNode = FALSE
	EndGlobalSection
	GlobalSection(ExtensibilityGlobals) = postSolution
		SolutionGuid = {E5368A9C-1947-4107-A318-A4F15F9265AC}
	EndGlobalSection
EndGlobal
